// !$*UTF8*$!
{
	archiveVersion = 1;
	classes = {
	};
	objectVersion = 46;
	objects = {

/* Begin PBXBuildFile section */
		B20132801C05B591004C1FD3 /* main.m in Sources */ = {isa = PBXBuildFile; fileRef = B201327F1C05B591004C1FD3 /* main.m */; };
		B20132831C05B591004C1FD3 /* AppDelegate.m in Sources */ = {isa = PBXBuildFile; fileRef = B20132821C05B591004C1FD3 /* AppDelegate.m */; };
		B20132861C05B591004C1FD3 /* ViewController.m in Sources */ = {isa = PBXBuildFile; fileRef = B20132851C05B591004C1FD3 /* ViewController.m */; };
		B20132891C05B591004C1FD3 /* Main.storyboard in Resources */ = {isa = PBXBuildFile; fileRef = B20132871C05B591004C1FD3 /* Main.storyboard */; };
		B201328B1C05B591004C1FD3 /* Assets.xcassets in Resources */ = {isa = PBXBuildFile; fileRef = B201328A1C05B591004C1FD3 /* Assets.xcassets */; };
		B201328E1C05B591004C1FD3 /* LaunchScreen.storyboard in Resources */ = {isa = PBXBuildFile; fileRef = B201328C1C05B591004C1FD3 /* LaunchScreen.storyboard */; };
/* End PBXBuildFile section */

/* Begin PBXFileReference section */
		B201327B1C05B591004C1FD3 /* Sign.app */ = {isa = PBXFileReference; explicitFileType = wrapper.application; includeInIndex = 0; path = Sign.app; sourceTree = BUILT_PRODUCTS_DIR; };
		B201327F1C05B591004C1FD3 /* main.m */ = {isa = PBXFileReference; lastKnownFileType = sourcecode.c.objc; path = main.m; sourceTree = "<group>"; };
		B20132811C05B591004C1FD3 /* AppDelegate.h */ = {isa = PBXFileReference; lastKnownFileType = sourcecode.c.h; path = AppDelegate.h; sourceTree = "<group>"; };
		B20132821C05B591004C1FD3 /* AppDelegate.m */ = {isa = PBXFileReference; lastKnownFileType = sourcecode.c.objc; path = AppDelegate.m; sourceTree = "<group>"; };
		B20132841C05B591004C1FD3 /* ViewController.h */ = {isa = PBXFileReference; lastKnownFileType = sourcecode.c.h; path = ViewController.h; sourceTree = "<group>"; };
		B20132851C05B591004C1FD3 /* ViewController.m */ = {isa = PBXFileReference; lastKnownFileType = sourcecode.c.objc; path = ViewController.m; sourceTree = "<group>"; };
		B20132881C05B591004C1FD3 /* Base */ = {isa = PBXFileReference; lastKnownFileType = file.storyboard; name = Base; path = Base.lproj/Main.storyboard; sourceTree = "<group>"; };
		B201328A1C05B591004C1FD3 /* Assets.xcassets */ = {isa = PBXFileReference; lastKnownFileType = folder.assetcatalog; path = Assets.xcassets; sourceTree = "<group>"; };
		B201328D1C05B591004C1FD3 /* Base */ = {isa = PBXFileReference; lastKnownFileType = file.storyboard; name = Base; path = Base.lproj/LaunchScreen.storyboard; sourceTree = "<group>"; };
		B201328F1C05B591004C1FD3 /* Info.plist */ = {isa = PBXFileReference; lastKnownFileType = text.plist.xml; path = Info.plist; sourceTree = "<group>"; };
/* End PBXFileReference section */

/* Begin PBXFrameworksBuildPhase section */
		B20132781C05B591004C1FD3 /* Frameworks */ = {
			isa = PBXFrameworksBuildPhase;
			buildActionMask = 2147483647;
			files = (
			);
			runOnlyForDeploymentPostprocessing = 0;
		};
/* End PBXFrameworksBuildPhase section */

/* Begin PBXGroup section */
		B20132721C05B591004C1FD3 = {
			isa = PBXGroup;
			children = (
				B201327D1C05B591004C1FD3 /* Sign */,
				B201327C1C05B591004C1FD3 /* Products */,
			);
			sourceTree = "<group>";
		};
		B201327C1C05B591004C1FD3 /* Products */ = {
			isa = PBXGroup;
			children = (
				B201327B1C05B591004C1FD3 /* Sign.app */,
			);
			name = Products;
			sourceTree = "<group>";
		};
		B201327D1C05B591004C1FD3 /* Sign */ = {
			isa = PBXGroup;
			children = (
				B20132811C05B591004C1FD3 /* AppDelegate.h */,
				B20132821C05B591004C1FD3 /* AppDelegate.m */,
				B20132841C05B591004C1FD3 /* ViewController.h */,
				B20132851C05B591004C1FD3 /* ViewController.m */,
				B20132871C05B591004C1FD3 /* Main.storyboard */,
				B201328A1C05B591004C1FD3 /* Assets.xcassets */,
				B201328C1C05B591004C1FD3 /* LaunchScreen.storyboard */,
				B201328F1C05B591004C1FD3 /* Info.plist */,
				B201327E1C05B591004C1FD3 /* Supporting Files */,
			);
			path = Sign;
			sourceTree = "<group>";
		};
		B201327E1C05B591004C1FD3 /* Supporting Files */ = {
			isa = PBXGroup;
			children = (
				B201327F1C05B591004C1FD3 /* main.m */,
			);
			name = "Supporting Files";
			sourceTree = "<group>";
		};
/* End PBXGroup section */

/* Begin PBXNativeTarget section */
		B201327A1C05B591004C1FD3 /* Sign */ = {
			isa = PBXNativeTarget;
			buildConfigurationList = B20132921C05B591004C1FD3 /* Build configuration list for PBXNativeTarget "Sign" */;
			buildPhases = (
				B20132771C05B591004C1FD3 /* Sources */,
				B20132781C05B591004C1FD3 /* Frameworks */,
				B20132791C05B591004C1FD3 /* Resources */,
			);
			buildRules = (
			);
			dependencies = (
			);
			name = Sign;
			productName = Sign;
			productReference = B201327B1C05B591004C1FD3 /* Sign.app */;
			productType = "com.apple.product-type.application";
		};
/* End PBXNativeTarget section */

/* Begin PBXProject section */
		B20132731C05B591004C1FD3 /* Project object */ = {
			isa = PBXProject;
			attributes = {
				LastUpgradeCheck = 0710;
				ORGANIZATIONNAME = Gowtham;
				TargetAttributes = {
					B201327A1C05B591004C1FD3 = {
						CreatedOnToolsVersion = 7.1.1;
					};
				};
			};
			buildConfigurationList = B20132761C05B591004C1FD3 /* Build configuration list for PBXProject "Sign" */;
			compatibilityVersion = "Xcode 3.2";
			developmentRegion = English;
			hasScannedForEncodings = 0;
			knownRegions = (
				en,
				Base,
			);
			mainGroup = B20132721C05B591004C1FD3;
			productRefGroup = B201327C1C05B591004C1FD3 /* Products */;
			projectDirPath = "";
			projectRoot = "";
			targets = (
				B201327A1C05B591004C1FD3 /* Sign */,
			);
		};
/* End PBXProject section */

/* Begin PBXResourcesBuildPhase section */
		B20132791C05B591004C1FD3 /* Resources */ = {
			isa = PBXResourcesBuildPhase;
			buildActionMask = 2147483647;
			files = (
				B201328E1C05B591004C1FD3 /* LaunchScreen.storyboard in Resources */,
				B201328B1C05B591004C1FD3 /* Assets.xcassets in Resources */,
				B20132891C05B591004C1FD3 /* Main.storyboard in Resources */,
			);
			runOnlyForDeploymentPostprocessing = 0;
		};
/* End PBXResourcesBuildPhase section */

/* Begin PBXSourcesBuildPhase section */
		B20132771C05B591004C1FD3 /* Sources */ = {
			isa = PBXSourcesBuildPhase;
			buildActionMask = 2147483647;
			files = (
				B20132861C05B591004C1FD3 /* ViewController.m in Sources */,
				B20132831C05B591004C1FD3 /* AppDelegate.m in Sources */,
				B20132801C05B591004C1FD3 /* main.m in Sources */,
			);
			runOnlyForDeploymentPostprocessing = 0;
		};
/* End PBXSourcesBuildPhase section */

/* Begin PBXVariantGroup section */
		B20132871C05B591004C1FD3 /* Main.storyboard */ = {
			isa = PBXVariantGroup;
			children = (
				B20132881C05B591004C1FD3 /* Base */,
			);
			name = Main.storyboard;
			sourceTree = "<group>";
		};
		B201328C1C05B591004C1FD3 /* LaunchScreen.storyboard */ = {
			isa = PBXVariantGroup;
			children = (
				B201328D1C05B591004C1FD3 /* Base */,
			);
			name = LaunchScreen.storyboard;
			sourceTree = "<group>";
		};
/* End PBXVariantGroup section */

/* Begin XCBuildConfiguration section */
		B20132901C05B591004C1FD3 /* Debug */ = {
			isa = XCBuildConfiguration;
			buildSettings = {
				ALWAYS_SEARCH_USER_PATHS = NO;
				CLANG_CXX_LANGUAGE_STANDARD = "gnu++0x";
				CLANG_CXX_LIBRARY = "libc++";
				CLANG_ENABLE_MODULES = YES;
				CLANG_ENABLE_OBJC_ARC = YES;
				CLANG_WARN_BOOL_CONVERSION = YES;
				CLANG_WARN_CONSTANT_CONVERSION = YES;
				CLANG_WARN_DIRECT_OBJC_ISA_USAGE = YES_ERROR;
				CLANG_WARN_EMPTY_BODY = YES;
				CLANG_WARN_ENUM_CONVERSION = YES;
				CLANG_WARN_INT_CONVERSION = YES;
				CLANG_WARN_OBJC_ROOT_CLASS = YES_ERROR;
				CLANG_WARN_UNREACHABLE_CODE = YES;
				CLANG_WARN__DUPLICATE_METHOD_MATCH = YES;
				"CODE_SIGN_IDENTITY[sdk=iphoneos*]" = "iPhone Developer";
				COPY_PHASE_STRIP = NO;
				DEBUG_INFORMATION_FORMAT = dwarf;
				ENABLE_STRICT_OBJC_MSGSEND = YES;
				ENABLE_TESTABILITY = YES;
				GCC_C_LANGUAGE_STANDARD = gnu99;
				GCC_DYNAMIC_NO_PIC = NO;
				GCC_NO_COMMON_BLOCKS = YES;
				GCC_OPTIMIZATION_LEVEL = 0;
				GCC_PREPROCESSOR_DEFINITIONS = (
					"DEBUG=1",
					"$(inherited)",
				);
				GCC_WARN_64_TO_32_BIT_CONVERSION = YES;
				GCC_WARN_ABOUT_RETURN_TYPE = YES_ERROR;
				GCC_WARN_UNDECLARED_SELECTOR = YES;
				GCC_WARN_UNINITIALIZED_AUTOS = YES_AGGRESSIVE;
				GCC_WARN_UNUSED_FUNCTION = YES;
				GCC_WARN_UNUSED_VARIABLE = YES;
				IPHONEOS_DEPLOYMENT_TARGET = 9.1;
				MTL_ENABLE_DEBUG_INFO = YES;
				ONLY_ACTIVE_ARCH = YES;
				SDKROOT = iphoneos;
				TARGETED_DEVICE_FAMILY = "1,2";
			};
			name = Debug;
		};
		B20132911C05B591004C1FD3 /* Release */ = {
			isa = XCBuildConfiguration;
			buildSettings = {
				ALWAYS_SEARCH_USER_PATHS = NO;
				CLANG_CXX_LANGUAGE_STANDARD = "gnu++0x";
				CLANG_CXX_LIBRARY = "libc++";
				CLANG_ENABLE_MODULES = YES;
				CLANG_ENABLE_OBJC_ARC = YES;
				CLANG_WARN_BOOL_CONVERSION = YES;
				CLANG_WARN_CONSTANT_CONVERSION = YES;
				CLANG_WARN_DIRECT_OBJC_ISA_USAGE = YES_ERROR;
				CLANG_WARN_EMPTY_BODY = YES;
				CLANG_WARN_ENUM_CONVERSION = YES;
				CLANG_WARN_INT_CONVERSION = YES;
				CLANG_WARN_OBJC_ROOT_CLASS = YES_ERROR;
				CLANG_WARN_UNREACHABLE_CODE = YES;
				CLANG_WARN__DUPLICATE_METHOD_MATCH = YES;
				"CODE_SIGN_IDENTITY[sdk=iphoneos*]" = "iPhone Developer";
				COPY_PHASE_STRIP = NO;
				DEBUG_INFORMATION_FORMAT = "dwarf-with-dsym";
				ENABLE_NS_ASSERTIONS = NO;
				ENABLE_STRICT_OBJC_MSGSEND = YES;
				GCC_C_LANGUAGE_STANDARD = gnu99;
				GCC_NO_COMMON_BLOCKS = YES;
				GCC_WARN_64_TO_32_BIT_CONVERSION = YES;
				GCC_WARN_ABOUT_RETURN_TYPE = YES_ERROR;
				GCC_WARN_UNDECLARED_SELECTOR = YES;
				GCC_WARN_UNINITIALIZED_AUTOS = YES_AGGRESSIVE;
				GCC_WARN_UNUSED_FUNCTION = YES;
				GCC_WARN_UNUSED_VARIABLE = YES;
				IPHONEOS_DEPLOYMENT_TARGET = 9.1;
				MTL_ENABLE_DEBUG_INFO = NO;
				SDKROOT = iphoneos;
				TARGETED_DEVICE_FAMILY = "1,2";
				VALIDATE_PRODUCT = YES;
			};
			name = Release;
		};
		B20132931C05B591004C1FD3 /* Debug */ = {
			isa = XCBuildConfiguration;
			buildSettings = {
				ASSETCATALOG_COMPILER_APPICON_NAME = AppIcon;
				INFOPLIST_FILE = Sign/Info.plist;
				LD_RUNPATH_SEARCH_PATHS = "$(inherited) @executable_path/Frameworks";
				PRODUCT_BUNDLE_IDENTIFIER = com.columbus.Sign;
				PRODUCT_NAME = "$(TARGET_NAME)";
			};
			name = Debug;
		};
		B20132941C05B591004C1FD3 /* Release */ = {
			isa = XCBuildConfiguration;
			buildSettings = {
				ASSETCATALOG_COMPILER_APPICON_NAME = AppIcon;
				INFOPLIST_FILE = Sign/Info.plist;
				LD_RUNPATH_SEARCH_PATHS = "$(inherited) @executable_path/Frameworks";
				PRODUCT_BUNDLE_IDENTIFIER = com.columbus.Sign;
				PRODUCT_NAME = "$(TARGET_NAME)";
			};
			name = Release;
		};
/* End XCBuildConfiguration section */

/* Begin XCConfigurationList section */
		B20132761C05B591004C1FD3 /* Build configuration list for PBXProject "Sign" */ = {
			isa = XCConfigurationList;
			buildConfigurations = (
				B20132901C05B591004C1FD3 /* Debug */,
				B20132911C05B591004C1FD3 /* Release */,
			);
			defaultConfigurationIsVisible = 0;
			defaultConfigurationName = Release;
		};
		B20132921C05B591004C1FD3 /* Build configuration list for PBXNativeTarget "Sign" */ = {
			isa = XCConfigurationList;
			buildConfigurations = (
				B20132931C05B591004C1FD3 /* Debug */,
				B20132941C05B591004C1FD3 /* Release */,
			);
			defaultConfigurationIsVisible = 0;
		};
/* End XCConfigurationList section */
	};
	rootObject = B20132731C05B591004C1FD3 /* Project object */;
}
